// !$*UTF8*$!
{
	archiveVersion = 1;
	classes = {
	};
	objectVersion = 46;
	objects = {

/* Begin PBXBuildFile section */
		2058B83415CB98D800C316BB /* Cocoa.framework in Frameworks */ = {isa = PBXBuildFile; fileRef = 2058B83315CB98D800C316BB /* Cocoa.framework */; };
		2058B83E15CB98D800C316BB /* InfoPlist.strings in Resources */ = {isa = PBXBuildFile; fileRef = 2058B83C15CB98D800C316BB /* InfoPlist.strings */; };
		2058B84015CB98D800C316BB /* main.m in Sources */ = {isa = PBXBuildFile; fileRef = 2058B83F15CB98D800C316BB /* main.m */; };
		2058B84415CB98D800C316BB /* Credits.rtf in Resources */ = {isa = PBXBuildFile; fileRef = 2058B84215CB98D800C316BB /* Credits.rtf */; };
		2058B84715CB98D800C316BB /* AppDelegate.m in Sources */ = {isa = PBXBuildFile; fileRef = 2058B84615CB98D800C316BB /* AppDelegate.m */; };
		2058B84A15CB98D800C316BB /* MainMenu.xib in Resources */ = {isa = PBXBuildFile; fileRef = 2058B84815CB98D800C316BB /* MainMenu.xib */; };
/* End PBXBuildFile section */

/* Begin PBXFileReference section */
		2058B82F15CB98D800C316BB /* AllegroVectorEditor.app */ = {isa = PBXFileReference; explicitFileType = wrapper.application; includeInIndex = 0; path = AllegroVectorEditor.app; sourceTree = BUILT_PRODUCTS_DIR; };
		2058B83315CB98D800C316BB /* Cocoa.framework */ = {isa = PBXFileReference; lastKnownFileType = wrapper.framework; name = Cocoa.framework; path = System/Library/Frameworks/Cocoa.framework; sourceTree = SDKROOT; };
		2058B83615CB98D800C316BB /* AppKit.framework */ = {isa = PBXFileReference; lastKnownFileType = wrapper.framework; name = AppKit.framework; path = System/Library/Frameworks/AppKit.framework; sourceTree = SDKROOT; };
		2058B83715CB98D800C316BB /* CoreData.framework */ = {isa = PBXFileReference; lastKnownFileType = wrapper.framework; name = CoreData.framework; path = System/Library/Frameworks/CoreData.framework; sourceTree = SDKROOT; };
		2058B83815CB98D800C316BB /* Foundation.framework */ = {isa = PBXFileReference; lastKnownFileType = wrapper.framework; name = Foundation.framework; path = System/Library/Frameworks/Foundation.framework; sourceTree = SDKROOT; };
		2058B83B15CB98D800C316BB /* AllegroVectorEditor-Info.plist */ = {isa = PBXFileReference; lastKnownFileType = text.plist.xml; path = "AllegroVectorEditor-Info.plist"; sourceTree = "<group>"; };
		2058B83D15CB98D800C316BB /* en */ = {isa = PBXFileReference; lastKnownFileType = text.plist.strings; name = en; path = en.lproj/InfoPlist.strings; sourceTree = "<group>"; };
		2058B83F15CB98D800C316BB /* main.m */ = {isa = PBXFileReference; lastKnownFileType = sourcecode.c.objc; path = main.m; sourceTree = "<group>"; };
		2058B84115CB98D800C316BB /* AllegroVectorEditor-Prefix.pch */ = {isa = PBXFileReference; lastKnownFileType = sourcecode.c.h; path = "AllegroVectorEditor-Prefix.pch"; sourceTree = "<group>"; };
		2058B84315CB98D800C316BB /* en */ = {isa = PBXFileReference; lastKnownFileType = text.rtf; name = en; path = en.lproj/Credits.rtf; sourceTree = "<group>"; };
		2058B84515CB98D800C316BB /* AppDelegate.h */ = {isa = PBXFileReference; lastKnownFileType = sourcecode.c.h; path = AppDelegate.h; sourceTree = "<group>"; };
		2058B84615CB98D800C316BB /* AppDelegate.m */ = {isa = PBXFileReference; lastKnownFileType = sourcecode.c.objc; path = AppDelegate.m; sourceTree = "<group>"; };
		2058B84915CB98D800C316BB /* en */ = {isa = PBXFileReference; lastKnownFileType = file.xib; name = en; path = en.lproj/MainMenu.xib; sourceTree = "<group>"; };
/* End PBXFileReference section */

/* Begin PBXFrameworksBuildPhase section */
		2058B82C15CB98D800C316BB /* Frameworks */ = {
			isa = PBXFrameworksBuildPhase;
			buildActionMask = 2147483647;
			files = (
				2058B83415CB98D800C316BB /* Cocoa.framework in Frameworks */,
			);
			runOnlyForDeploymentPostprocessing = 0;
		};
/* End PBXFrameworksBuildPhase section */

/* Begin PBXGroup section */
		2058B82415CB98D800C316BB = {
			isa = PBXGroup;
			children = (
				2058B83915CB98D800C316BB /* AllegroVectorEditor */,
				2058B83215CB98D800C316BB /* Frameworks */,
				2058B83015CB98D800C316BB /* Products */,
			);
			sourceTree = "<group>";
		};
		2058B83015CB98D800C316BB /* Products */ = {
			isa = PBXGroup;
			children = (
				2058B82F15CB98D800C316BB /* AllegroVectorEditor.app */,
			);
			name = Products;
			sourceTree = "<group>";
		};
		2058B83215CB98D800C316BB /* Frameworks */ = {
			isa = PBXGroup;
			children = (
				2058B83315CB98D800C316BB /* Cocoa.framework */,
				2058B83515CB98D800C316BB /* Other Frameworks */,
			);
			name = Frameworks;
			sourceTree = "<group>";
		};
		2058B83515CB98D800C316BB /* Other Frameworks */ = {
			isa = PBXGroup;
			children = (
				2058B83615CB98D800C316BB /* AppKit.framework */,
				2058B83715CB98D800C316BB /* CoreData.framework */,
				2058B83815CB98D800C316BB /* Foundation.framework */,
			);
			name = "Other Frameworks";
			sourceTree = "<group>";
		};
		2058B83915CB98D800C316BB /* AllegroVectorEditor */ = {
			isa = PBXGroup;
			children = (
				2058B84515CB98D800C316BB /* AppDelegate.h */,
				2058B84615CB98D800C316BB /* AppDelegate.m */,
				2058B84815CB98D800C316BB /* MainMenu.xib */,
				2058B83A15CB98D800C316BB /* Supporting Files */,
			);
			path = AllegroVectorEditor;
			sourceTree = "<group>";
		};
		2058B83A15CB98D800C316BB /* Supporting Files */ = {
			isa = PBXGroup;
			children = (
				2058B83B15CB98D800C316BB /* AllegroVectorEditor-Info.plist */,
				2058B83C15CB98D800C316BB /* InfoPlist.strings */,
				2058B83F15CB98D800C316BB /* main.m */,
				2058B84115CB98D800C316BB /* AllegroVectorEditor-Prefix.pch */,
				2058B84215CB98D800C316BB /* Credits.rtf */,
			);
			name = "Supporting Files";
			sourceTree = "<group>";
		};
/* End PBXGroup section */

/* Begin PBXNativeTarget section */
		2058B82E15CB98D800C316BB /* AllegroVectorEditor */ = {
			isa = PBXNativeTarget;
			buildConfigurationList = 2058B84D15CB98D800C316BB /* Build configuration list for PBXNativeTarget "AllegroVectorEditor" */;
			buildPhases = (
				2058B82B15CB98D800C316BB /* Sources */,
				2058B82C15CB98D800C316BB /* Frameworks */,
				2058B82D15CB98D800C316BB /* Resources */,
			);
			buildRules = (
			);
			dependencies = (
			);
			name = AllegroVectorEditor;
			productName = AllegroVectorEditor;
			productReference = 2058B82F15CB98D800C316BB /* AllegroVectorEditor.app */;
			productType = "com.apple.product-type.application";
		};
/* End PBXNativeTarget section */

/* Begin PBXProject section */
		2058B82615CB98D800C316BB /* Project object */ = {
			isa = PBXProject;
			attributes = {
				LastUpgradeCheck = 0440;
				ORGANIZATIONNAME = "Evan Wallace";
			};
			buildConfigurationList = 2058B82915CB98D800C316BB /* Build configuration list for PBXProject "AllegroVectorEditor" */;
			compatibilityVersion = "Xcode 3.2";
			developmentRegion = English;
			hasScannedForEncodings = 0;
			knownRegions = (
				en,
			);
			mainGroup = 2058B82415CB98D800C316BB;
			productRefGroup = 2058B83015CB98D800C316BB /* Products */;
			projectDirPath = "";
			projectRoot = "";
			targets = (
				2058B82E15CB98D800C316BB /* AllegroVectorEditor */,
			);
		};
/* End PBXProject section */

/* Begin PBXResourcesBuildPhase section */
		2058B82D15CB98D800C316BB /* Resources */ = {
			isa = PBXResourcesBuildPhase;
			buildActionMask = 2147483647;
			files = (
				2058B83E15CB98D800C316BB /* InfoPlist.strings in Resources */,
				2058B84415CB98D800C316BB /* Credits.rtf in Resources */,
				2058B84A15CB98D800C316BB /* MainMenu.xib in Resources */,
			);
			runOnlyForDeploymentPostprocessing = 0;
		};
/* End PBXResourcesBuildPhase section */

/* Begin PBXSourcesBuildPhase section */
		2058B82B15CB98D800C316BB /* Sources */ = {
			isa = PBXSourcesBuildPhase;
			buildActionMask = 2147483647;
			files = (
				2058B84015CB98D800C316BB /* main.m in Sources */,
				2058B84715CB98D800C316BB /* AppDelegate.m in Sources */,
			);
			runOnlyForDeploymentPostprocessing = 0;
		};
/* End PBXSourcesBuildPhase section */

/* Begin PBXVariantGroup section */
		2058B83C15CB98D800C316BB /* InfoPlist.strings */ = {
			isa = PBXVariantGroup;
			children = (
				2058B83D15CB98D800C316BB /* en */,
			);
			name = InfoPlist.strings;
			sourceTree = "<group>";
		};
		2058B84215CB98D800C316BB /* Credits.rtf */ = {
			isa = PBXVariantGroup;
			children = (
				2058B84315CB98D800C316BB /* en */,
			);
			name = Credits.rtf;
			sourceTree = "<group>";
		};
		2058B84815CB98D800C316BB /* MainMenu.xib */ = {
			isa = PBXVariantGroup;
			children = (
				2058B84915CB98D800C316BB /* en */,
			);
			name = MainMenu.xib;
			sourceTree = "<group>";
		};
/* End PBXVariantGroup section */

/* Begin XCBuildConfiguration section */
		2058B84B15CB98D800C316BB /* Debug */ = {
			isa = XCBuildConfiguration;
			buildSettings = {
				ALWAYS_SEARCH_USER_PATHS = NO;
				ARCHS = "$(ARCHS_STANDARD_64_BIT)";
				CLANG_CXX_LANGUAGE_STANDARD = "gnu++0x";
				CLANG_WARN__DUPLICATE_METHOD_MATCH = YES;
				COPY_PHASE_STRIP = NO;
				GCC_C_LANGUAGE_STANDARD = gnu99;
				GCC_DYNAMIC_NO_PIC = NO;
				GCC_ENABLE_OBJC_EXCEPTIONS = YES;
				GCC_OPTIMIZATION_LEVEL = 0;
				GCC_PREPROCESSOR_DEFINITIONS = (
					"DEBUG=1",
					"$(inherited)",
				);
				GCC_SYMBOLS_PRIVATE_EXTERN = NO;
				GCC_WARN_64_TO_32_BIT_CONVERSION = YES;
				GCC_WARN_ABOUT_RETURN_TYPE = YES;
				GCC_WARN_UNINITIALIZED_AUTOS = YES;
				GCC_WARN_UNUSED_VARIABLE = YES;
				MACOSX_DEPLOYMENT_TARGET = 10.7;
				ONLY_ACTIVE_ARCH = YES;
				SDKROOT = macosx;
			};
			name = Debug;
		};
		2058B84C15CB98D800C316BB /* Release */ = {
			isa = XCBuildConfiguration;
			buildSettings = {
				ALWAYS_SEARCH_USER_PATHS = NO;
				ARCHS = "$(ARCHS_STANDARD_64_BIT)";
				CLANG_CXX_LANGUAGE_STANDARD = "gnu++0x";
				CLANG_WARN__DUPLICATE_METHOD_MATCH = YES;
				COPY_PHASE_STRIP = YES;
				DEBUG_INFORMATION_FORMAT = "dwarf-with-dsym";
				GCC_C_LANGUAGE_STANDARD = gnu99;
				GCC_ENABLE_OBJC_EXCEPTIONS = YES;
				GCC_WARN_64_TO_32_BIT_CONVERSION = YES;
				GCC_WARN_ABOUT_RETURN_TYPE = YES;
				GCC_WARN_UNINITIALIZED_AUTOS = YES;
				GCC_WARN_UNUSED_VARIABLE = YES;
				MACOSX_DEPLOYMENT_TARGET = 10.7;
				SDKROOT = macosx;
			};
			name = Release;
		};
		2058B84E15CB98D800C316BB /* Debug */ = {
			isa = XCBuildConfiguration;
			buildSettings = {
				COMBINE_HIDPI_IMAGES = YES;
				GCC_PRECOMPILE_PREFIX_HEADER = YES;
				GCC_PREFIX_HEADER = "AllegroVectorEditor/AllegroVectorEditor-Prefix.pch";
				INFOPLIST_FILE = "AllegroVectorEditor/AllegroVectorEditor-Info.plist";
				PRODUCT_NAME = "$(TARGET_NAME)";
				WRAPPER_EXTENSION = app;
			};
			name = Debug;
		};
		2058B84F15CB98D800C316BB /* Release */ = {
			isa = XCBuildConfiguration;
			buildSettings = {
				COMBINE_HIDPI_IMAGES = YES;
				GCC_PRECOMPILE_PREFIX_HEADER = YES;
				GCC_PREFIX_HEADER = "AllegroVectorEditor/AllegroVectorEditor-Prefix.pch";
				INFOPLIST_FILE = "AllegroVectorEditor/AllegroVectorEditor-Info.plist";
				PRODUCT_NAME = "$(TARGET_NAME)";
				WRAPPER_EXTENSION = app;
			};
			name = Release;
		};
/* End XCBuildConfiguration section */

/* Begin XCConfigurationList section */
		2058B82915CB98D800C316BB /* Build configuration list for PBXProject "AllegroVectorEditor" */ = {
			isa = XCConfigurationList;
			buildConfigurations = (
				2058B84B15CB98D800C316BB /* Debug */,
				2058B84C15CB98D800C316BB /* Release */,
			);
			defaultConfigurationIsVisible = 0;
			defaultConfigurationName = Release;
		};
		2058B84D15CB98D800C316BB /* Build configuration list for PBXNativeTarget "AllegroVectorEditor" */ = {
			isa = XCConfigurationList;
			buildConfigurations = (
				2058B84E15CB98D800C316BB /* Debug */,
				2058B84F15CB98D800C316BB /* Release */,
			);
			defaultConfigurationIsVisible = 0;
		};
/* End XCConfigurationList section */
	};
	rootObject = 2058B82615CB98D800C316BB /* Project object */;
}
