// !$*UTF8*$!
{
	archiveVersion = 1;
	classes = {
	};
	objectVersion = 46;
	objects = {

/* Begin PBXBuildFile section */
		2058B83415CB98D800C316BB /* Cocoa.framework in Frameworks */ = {isa = PBXBuildFile; fileRef = 2058B83315CB98D800C316BB /* Cocoa.framework */; };
		2058B84015CB98D800C316BB /* main.cpp in Sources */ = {isa = PBXBuildFile; fileRef = 2058B83F15CB98D800C316BB /* main.cpp */; };
		2058B85C15CB99C600C316BB /* liballegro_acodec.5.0.7.dylib in Frameworks */ = {isa = PBXBuildFile; fileRef = 2058B85115CB99C600C316BB /* liballegro_acodec.5.0.7.dylib */; };
		2058B85D15CB99C600C316BB /* liballegro_audio.5.0.7.dylib in Frameworks */ = {isa = PBXBuildFile; fileRef = 2058B85215CB99C600C316BB /* liballegro_audio.5.0.7.dylib */; };
		2058B85E15CB99C600C316BB /* liballegro_color.5.0.7.dylib in Frameworks */ = {isa = PBXBuildFile; fileRef = 2058B85315CB99C600C316BB /* liballegro_color.5.0.7.dylib */; };
		2058B85F15CB99C600C316BB /* liballegro_dialog.5.0.7.dylib in Frameworks */ = {isa = PBXBuildFile; fileRef = 2058B85415CB99C600C316BB /* liballegro_dialog.5.0.7.dylib */; };
		2058B86015CB99C600C316BB /* liballegro_font.5.0.7.dylib in Frameworks */ = {isa = PBXBuildFile; fileRef = 2058B85515CB99C600C316BB /* liballegro_font.5.0.7.dylib */; };
		2058B86115CB99C600C316BB /* liballegro_image.5.0.7.dylib in Frameworks */ = {isa = PBXBuildFile; fileRef = 2058B85615CB99C600C316BB /* liballegro_image.5.0.7.dylib */; };
		2058B86215CB99C600C316BB /* liballegro_main.5.0.7.dylib in Frameworks */ = {isa = PBXBuildFile; fileRef = 2058B85715CB99C600C316BB /* liballegro_main.5.0.7.dylib */; };
		2058B86315CB99C700C316BB /* liballegro_memfile.5.0.7.dylib in Frameworks */ = {isa = PBXBuildFile; fileRef = 2058B85815CB99C600C316BB /* liballegro_memfile.5.0.7.dylib */; };
		2058B86415CB99C700C316BB /* liballegro_primitives.5.0.7.dylib in Frameworks */ = {isa = PBXBuildFile; fileRef = 2058B85915CB99C600C316BB /* liballegro_primitives.5.0.7.dylib */; };
		2058B86515CB99C700C316BB /* liballegro_ttf.5.0.7.dylib in Frameworks */ = {isa = PBXBuildFile; fileRef = 2058B85A15CB99C600C316BB /* liballegro_ttf.5.0.7.dylib */; };
		2058B86615CB99C700C316BB /* liballegro.5.0.7.dylib in Frameworks */ = {isa = PBXBuildFile; fileRef = 2058B85B15CB99C600C316BB /* liballegro.5.0.7.dylib */; };
/* End PBXBuildFile section */

/* Begin PBXFileReference section */
		2058B82F15CB98D800C316BB /* AllegroVectorEditor.app */ = {isa = PBXFileReference; explicitFileType = wrapper.application; includeInIndex = 0; path = AllegroVectorEditor.app; sourceTree = BUILT_PRODUCTS_DIR; };
		2058B83315CB98D800C316BB /* Cocoa.framework */ = {isa = PBXFileReference; lastKnownFileType = wrapper.framework; name = Cocoa.framework; path = System/Library/Frameworks/Cocoa.framework; sourceTree = SDKROOT; };
		2058B83615CB98D800C316BB /* AppKit.framework */ = {isa = PBXFileReference; lastKnownFileType = wrapper.framework; name = AppKit.framework; path = System/Library/Frameworks/AppKit.framework; sourceTree = SDKROOT; };
		2058B83715CB98D800C316BB /* CoreData.framework */ = {isa = PBXFileReference; lastKnownFileType = wrapper.framework; name = CoreData.framework; path = System/Library/Frameworks/CoreData.framework; sourceTree = SDKROOT; };
		2058B83815CB98D800C316BB /* Foundation.framework */ = {isa = PBXFileReference; lastKnownFileType = wrapper.framework; name = Foundation.framework; path = System/Library/Frameworks/Foundation.framework; sourceTree = SDKROOT; };
		2058B83B15CB98D800C316BB /* AllegroVectorEditor-Info.plist */ = {isa = PBXFileReference; lastKnownFileType = text.plist.xml; path = "AllegroVectorEditor-Info.plist"; sourceTree = "<group>"; };
		2058B83F15CB98D800C316BB /* main.cpp */ = {isa = PBXFileReference; lastKnownFileType = sourcecode.cpp.cpp; name = main.cpp; path = AllegroVectorEditor/main.cpp; sourceTree = "<group>"; };
		2058B85115CB99C600C316BB /* liballegro_acodec.5.0.7.dylib */ = {isa = PBXFileReference; lastKnownFileType = "compiled.mach-o.dylib"; name = liballegro_acodec.5.0.7.dylib; path = ../../../../../usr/local/lib/liballegro_acodec.5.0.7.dylib; sourceTree = "<group>"; };
		2058B85215CB99C600C316BB /* liballegro_audio.5.0.7.dylib */ = {isa = PBXFileReference; lastKnownFileType = "compiled.mach-o.dylib"; name = liballegro_audio.5.0.7.dylib; path = ../../../../../usr/local/lib/liballegro_audio.5.0.7.dylib; sourceTree = "<group>"; };
		2058B85315CB99C600C316BB /* liballegro_color.5.0.7.dylib */ = {isa = PBXFileReference; lastKnownFileType = "compiled.mach-o.dylib"; name = liballegro_color.5.0.7.dylib; path = ../../../../../usr/local/lib/liballegro_color.5.0.7.dylib; sourceTree = "<group>"; };
		2058B85415CB99C600C316BB /* liballegro_dialog.5.0.7.dylib */ = {isa = PBXFileReference; lastKnownFileType = "compiled.mach-o.dylib"; name = liballegro_dialog.5.0.7.dylib; path = ../../../../../usr/local/lib/liballegro_dialog.5.0.7.dylib; sourceTree = "<group>"; };
		2058B85515CB99C600C316BB /* liballegro_font.5.0.7.dylib */ = {isa = PBXFileReference; lastKnownFileType = "compiled.mach-o.dylib"; name = liballegro_font.5.0.7.dylib; path = ../../../../../usr/local/lib/liballegro_font.5.0.7.dylib; sourceTree = "<group>"; };
		2058B85615CB99C600C316BB /* liballegro_image.5.0.7.dylib */ = {isa = PBXFileReference; lastKnownFileType = "compiled.mach-o.dylib"; name = liballegro_image.5.0.7.dylib; path = ../../../../../usr/local/lib/liballegro_image.5.0.7.dylib; sourceTree = "<group>"; };
		2058B85715CB99C600C316BB /* liballegro_main.5.0.7.dylib */ = {isa = PBXFileReference; lastKnownFileType = "compiled.mach-o.dylib"; name = liballegro_main.5.0.7.dylib; path = ../../../../../usr/local/lib/liballegro_main.5.0.7.dylib; sourceTree = "<group>"; };
		2058B85815CB99C600C316BB /* liballegro_memfile.5.0.7.dylib */ = {isa = PBXFileReference; lastKnownFileType = "compiled.mach-o.dylib"; name = liballegro_memfile.5.0.7.dylib; path = ../../../../../usr/local/lib/liballegro_memfile.5.0.7.dylib; sourceTree = "<group>"; };
		2058B85915CB99C600C316BB /* liballegro_primitives.5.0.7.dylib */ = {isa = PBXFileReference; lastKnownFileType = "compiled.mach-o.dylib"; name = liballegro_primitives.5.0.7.dylib; path = ../../../../../usr/local/lib/liballegro_primitives.5.0.7.dylib; sourceTree = "<group>"; };
		2058B85A15CB99C600C316BB /* liballegro_ttf.5.0.7.dylib */ = {isa = PBXFileReference; lastKnownFileType = "compiled.mach-o.dylib"; name = liballegro_ttf.5.0.7.dylib; path = ../../../../../usr/local/lib/liballegro_ttf.5.0.7.dylib; sourceTree = "<group>"; };
		2058B85B15CB99C600C316BB /* liballegro.5.0.7.dylib */ = {isa = PBXFileReference; lastKnownFileType = "compiled.mach-o.dylib"; name = liballegro.5.0.7.dylib; path = ../../../../../usr/local/lib/liballegro.5.0.7.dylib; sourceTree = "<group>"; };
/* End PBXFileReference section */

/* Begin PBXFrameworksBuildPhase section */
		2058B82C15CB98D800C316BB /* Frameworks */ = {
			isa = PBXFrameworksBuildPhase;
			buildActionMask = 2147483647;
			files = (
				2058B83415CB98D800C316BB /* Cocoa.framework in Frameworks */,
				2058B85C15CB99C600C316BB /* liballegro_acodec.5.0.7.dylib in Frameworks */,
				2058B85D15CB99C600C316BB /* liballegro_audio.5.0.7.dylib in Frameworks */,
				2058B85E15CB99C600C316BB /* liballegro_color.5.0.7.dylib in Frameworks */,
				2058B85F15CB99C600C316BB /* liballegro_dialog.5.0.7.dylib in Frameworks */,
				2058B86015CB99C600C316BB /* liballegro_font.5.0.7.dylib in Frameworks */,
				2058B86115CB99C600C316BB /* liballegro_image.5.0.7.dylib in Frameworks */,
				2058B86215CB99C600C316BB /* liballegro_main.5.0.7.dylib in Frameworks */,
				2058B86315CB99C700C316BB /* liballegro_memfile.5.0.7.dylib in Frameworks */,
				2058B86415CB99C700C316BB /* liballegro_primitives.5.0.7.dylib in Frameworks */,
				2058B86515CB99C700C316BB /* liballegro_ttf.5.0.7.dylib in Frameworks */,
				2058B86615CB99C700C316BB /* liballegro.5.0.7.dylib in Frameworks */,
			);
			runOnlyForDeploymentPostprocessing = 0;
		};
/* End PBXFrameworksBuildPhase section */

/* Begin PBXGroup section */
		2058B82415CB98D800C316BB = {
			isa = PBXGroup;
			children = (
				2058B85015CB98E300C316BB /* Sources */,
				2058B83915CB98D800C316BB /* AllegroVectorEditor */,
				2058B83215CB98D800C316BB /* Frameworks */,
				2058B83015CB98D800C316BB /* Products */,
			);
			sourceTree = "<group>";
		};
		2058B83015CB98D800C316BB /* Products */ = {
			isa = PBXGroup;
			children = (
				2058B82F15CB98D800C316BB /* AllegroVectorEditor.app */,
			);
			name = Products;
			sourceTree = "<group>";
		};
		2058B83215CB98D800C316BB /* Frameworks */ = {
			isa = PBXGroup;
			children = (
				2058B85115CB99C600C316BB /* liballegro_acodec.5.0.7.dylib */,
				2058B85215CB99C600C316BB /* liballegro_audio.5.0.7.dylib */,
				2058B85315CB99C600C316BB /* liballegro_color.5.0.7.dylib */,
				2058B85415CB99C600C316BB /* liballegro_dialog.5.0.7.dylib */,
				2058B85515CB99C600C316BB /* liballegro_font.5.0.7.dylib */,
				2058B85615CB99C600C316BB /* liballegro_image.5.0.7.dylib */,
				2058B85715CB99C600C316BB /* liballegro_main.5.0.7.dylib */,
				2058B85815CB99C600C316BB /* liballegro_memfile.5.0.7.dylib */,
				2058B85915CB99C600C316BB /* liballegro_primitives.5.0.7.dylib */,
				2058B85A15CB99C600C316BB /* liballegro_ttf.5.0.7.dylib */,
				2058B85B15CB99C600C316BB /* liballegro.5.0.7.dylib */,
				2058B83315CB98D800C316BB /* Cocoa.framework */,
				2058B83515CB98D800C316BB /* Other Frameworks */,
			);
			name = Frameworks;
			sourceTree = "<group>";
		};
		2058B83515CB98D800C316BB /* Other Frameworks */ = {
			isa = PBXGroup;
			children = (
				2058B83615CB98D800C316BB /* AppKit.framework */,
				2058B83715CB98D800C316BB /* CoreData.framework */,
				2058B83815CB98D800C316BB /* Foundation.framework */,
			);
			name = "Other Frameworks";
			sourceTree = "<group>";
		};
		2058B83915CB98D800C316BB /* AllegroVectorEditor */ = {
			isa = PBXGroup;
			children = (
				2058B83A15CB98D800C316BB /* Supporting Files */,
			);
			path = AllegroVectorEditor;
			sourceTree = "<group>";
		};
		2058B83A15CB98D800C316BB /* Supporting Files */ = {
			isa = PBXGroup;
			children = (
				2058B83B15CB98D800C316BB /* AllegroVectorEditor-Info.plist */,
			);
			name = "Supporting Files";
			sourceTree = "<group>";
		};
		2058B85015CB98E300C316BB /* Sources */ = {
			isa = PBXGroup;
			children = (
				2058B83F15CB98D800C316BB /* main.cpp */,
			);
			name = Sources;
			sourceTree = "<group>";
		};
/* End PBXGroup section */

/* Begin PBXNativeTarget section */
		2058B82E15CB98D800C316BB /* AllegroVectorEditor */ = {
			isa = PBXNativeTarget;
			buildConfigurationList = 2058B84D15CB98D800C316BB /* Build configuration list for PBXNativeTarget "AllegroVectorEditor" */;
			buildPhases = (
				2058B82B15CB98D800C316BB /* Sources */,
				2058B82C15CB98D800C316BB /* Frameworks */,
				2058B82D15CB98D800C316BB /* Resources */,
			);
			buildRules = (
			);
			dependencies = (
			);
			name = AllegroVectorEditor;
			productName = AllegroVectorEditor;
			productReference = 2058B82F15CB98D800C316BB /* AllegroVectorEditor.app */;
			productType = "com.apple.product-type.application";
		};
/* End PBXNativeTarget section */

/* Begin PBXProject section */
		2058B82615CB98D800C316BB /* Project object */ = {
			isa = PBXProject;
			attributes = {
				LastUpgradeCheck = 0440;
				ORGANIZATIONNAME = "Evan Wallace";
			};
			buildConfigurationList = 2058B82915CB98D800C316BB /* Build configuration list for PBXProject "AllegroVectorEditor" */;
			compatibilityVersion = "Xcode 3.2";
			developmentRegion = English;
			hasScannedForEncodings = 0;
			knownRegions = (
				en,
			);
			mainGroup = 2058B82415CB98D800C316BB;
			productRefGroup = 2058B83015CB98D800C316BB /* Products */;
			projectDirPath = "";
			projectRoot = "";
			targets = (
				2058B82E15CB98D800C316BB /* AllegroVectorEditor */,
			);
		};
/* End PBXProject section */

/* Begin PBXResourcesBuildPhase section */
		2058B82D15CB98D800C316BB /* Resources */ = {
			isa = PBXResourcesBuildPhase;
			buildActionMask = 2147483647;
			files = (
			);
			runOnlyForDeploymentPostprocessing = 0;
		};
/* End PBXResourcesBuildPhase section */

/* Begin PBXSourcesBuildPhase section */
		2058B82B15CB98D800C316BB /* Sources */ = {
			isa = PBXSourcesBuildPhase;
			buildActionMask = 2147483647;
			files = (
				2058B84015CB98D800C316BB /* main.cpp in Sources */,
			);
			runOnlyForDeploymentPostprocessing = 0;
		};
/* End PBXSourcesBuildPhase section */

/* Begin XCBuildConfiguration section */
		2058B84B15CB98D800C316BB /* Debug */ = {
			isa = XCBuildConfiguration;
			buildSettings = {
				ALWAYS_SEARCH_USER_PATHS = NO;
				ARCHS = "$(ARCHS_STANDARD_64_BIT)";
				CLANG_CXX_LANGUAGE_STANDARD = "c++0x";
				CLANG_CXX_LIBRARY = "libc++";
				CLANG_WARN__DUPLICATE_METHOD_MATCH = YES;
				COPY_PHASE_STRIP = NO;
				GCC_C_LANGUAGE_STANDARD = c99;
				GCC_DYNAMIC_NO_PIC = NO;
				GCC_ENABLE_OBJC_EXCEPTIONS = YES;
				GCC_OPTIMIZATION_LEVEL = 0;
				GCC_PREPROCESSOR_DEFINITIONS = (
					"DEBUG=1",
					"$(inherited)",
				);
				GCC_SYMBOLS_PRIVATE_EXTERN = NO;
				GCC_WARN_64_TO_32_BIT_CONVERSION = YES;
				GCC_WARN_ABOUT_RETURN_TYPE = YES;
				GCC_WARN_UNINITIALIZED_AUTOS = YES;
				GCC_WARN_UNUSED_VARIABLE = YES;
				HEADER_SEARCH_PATHS = /usr/local/include;
				LIBRARY_SEARCH_PATHS = /usr/local/lib;
				MACOSX_DEPLOYMENT_TARGET = 10.7;
				ONLY_ACTIVE_ARCH = YES;
				SDKROOT = macosx;
			};
			name = Debug;
		};
		2058B84C15CB98D800C316BB /* Release */ = {
			isa = XCBuildConfiguration;
			buildSettings = {
				ALWAYS_SEARCH_USER_PATHS = NO;
				ARCHS = "$(ARCHS_STANDARD_64_BIT)";
				CLANG_CXX_LANGUAGE_STANDARD = "c++0x";
				CLANG_CXX_LIBRARY = "libc++";
				CLANG_WARN__DUPLICATE_METHOD_MATCH = YES;
				COPY_PHASE_STRIP = YES;
				DEBUG_INFORMATION_FORMAT = "dwarf-with-dsym";
				GCC_C_LANGUAGE_STANDARD = c99;
				GCC_ENABLE_OBJC_EXCEPTIONS = YES;
				GCC_WARN_64_TO_32_BIT_CONVERSION = YES;
				GCC_WARN_ABOUT_RETURN_TYPE = YES;
				GCC_WARN_UNINITIALIZED_AUTOS = YES;
				GCC_WARN_UNUSED_VARIABLE = YES;
				HEADER_SEARCH_PATHS = /usr/local/include;
				LIBRARY_SEARCH_PATHS = /usr/local/lib;
				MACOSX_DEPLOYMENT_TARGET = 10.7;
				SDKROOT = macosx;
			};
			name = Release;
		};
		2058B84E15CB98D800C316BB /* Debug */ = {
			isa = XCBuildConfiguration;
			buildSettings = {
				COMBINE_HIDPI_IMAGES = YES;
				GCC_PREFIX_HEADER = "";
				INFOPLIST_FILE = "AllegroVectorEditor/AllegroVectorEditor-Info.plist";
				PRODUCT_NAME = "$(TARGET_NAME)";
				WRAPPER_EXTENSION = app;
			};
			name = Debug;
		};
		2058B84F15CB98D800C316BB /* Release */ = {
			isa = XCBuildConfiguration;
			buildSettings = {
				COMBINE_HIDPI_IMAGES = YES;
				GCC_PREFIX_HEADER = "";
				INFOPLIST_FILE = "AllegroVectorEditor/AllegroVectorEditor-Info.plist";
				PRODUCT_NAME = "$(TARGET_NAME)";
				WRAPPER_EXTENSION = app;
			};
			name = Release;
		};
/* End XCBuildConfiguration section */

/* Begin XCConfigurationList section */
		2058B82915CB98D800C316BB /* Build configuration list for PBXProject "AllegroVectorEditor" */ = {
			isa = XCConfigurationList;
			buildConfigurations = (
				2058B84B15CB98D800C316BB /* Debug */,
				2058B84C15CB98D800C316BB /* Release */,
			);
			defaultConfigurationIsVisible = 0;
			defaultConfigurationName = Release;
		};
		2058B84D15CB98D800C316BB /* Build configuration list for PBXNativeTarget "AllegroVectorEditor" */ = {
			isa = XCConfigurationList;
			buildConfigurations = (
				2058B84E15CB98D800C316BB /* Debug */,
				2058B84F15CB98D800C316BB /* Release */,
			);
			defaultConfigurationIsVisible = 0;
		};
/* End XCConfigurationList section */
	};
	rootObject = 2058B82615CB98D800C316BB /* Project object */;
}
